
Microsoft Visual Studio Solution File, Format Version 12.00
# Visual Studio Version 17
VisualStudioVersion = 17.5.002.0
MinimumVisualStudioVersion = 10.0.40219.1
Project("{9A19103F-16F7-4668-BE54-9A1E7A4F7556}") = "BMI", "BMI.csproj", "{548FB700-B7BA-4B43-ABCF-E8E1DC7EBB06}"
EndProject
Global
	GlobalSection(SolutionConfigurationPlatforms) = preSolution
		Debug|Any CPU = Debug|Any CPU
		Release|Any CPU = Release|Any CPU
	EndGlobalSection
	GlobalSection(ProjectConfigurationPlatforms) = postSolution
		{548FB700-B7BA-4B43-ABCF-E8E1DC7EBB06}.Debug|Any CPU.ActiveCfg = Debug|Any CPU
		{548FB700-B7BA-4B43-ABCF-E8E1DC7EBB06}.Debug|Any CPU.Build.0 = Debug|Any CPU
		{548FB700-B7BA-4B43-ABCF-E8E1DC7EBB06}.Release|Any CPU.ActiveCfg = Release|Any CPU
		{548FB700-B7BA-4B43-ABCF-E8E1DC7EBB06}.Release|Any CPU.Build.0 = Release|Any CPU
	EndGlobalSection
	GlobalSection(SolutionProperties) = preSolution
		HideSolutionNode = FALSE
	EndGlobalSection
	GlobalSection(ExtensibilityGlobals) = postSolution
		SolutionGuid = {232933F9-40C8-472A-97E8-4F399961E53D}
	EndGlobalSection
EndGlobal
